
Microsoft Visual Studio Solution File, Format Version 12.00
# Visual Studio 15
VisualStudioVersion = 15.0.34031.82
MinimumVisualStudioVersion = 10.0.40219.1
Project("{FAE04EC0-301F-11D3-BF4B-00C04F79EFBC}") = "LoadCallCenterOrderData", "LoadCallCenterOrderData\LoadCallCenterOrderData.csproj", "{CF2290E8-72A2-42DE-BE96-44F37C41619C}"
EndProject
Global
	GlobalSection(SolutionConfigurationPlatforms) = preSolution
		Debug|Any CPU = Debug|Any CPU
		Release|Any CPU = Release|Any CPU
	EndGlobalSection
	GlobalSection(ProjectConfigurationPlatforms) = postSolution
		{CF2290E8-72A2-42DE-BE96-44F37C41619C}.Debug|Any CPU.ActiveCfg = Debug|Any CPU
		{CF2290E8-72A2-42DE-BE96-44F37C41619C}.Debug|Any CPU.Build.0 = Debug|Any CPU
		{CF2290E8-72A2-42DE-BE96-44F37C41619C}.Release|Any CPU.ActiveCfg = Release|Any CPU
		{CF2290E8-72A2-42DE-BE96-44F37C41619C}.Release|Any CPU.Build.0 = Release|Any CPU
	EndGlobalSection
	GlobalSection(SolutionProperties) = preSolution
		HideSolutionNode = FALSE
	EndGlobalSection
	GlobalSection(ExtensibilityGlobals) = postSolution
		SolutionGuid = {48C87506-2C62-41A2-9DA7-9686EBE14BCF}
	EndGlobalSection
EndGlobal
